
Microsoft Visual Studio Solution File, Format Version 11.00
# Visual Studio 2010
Project("{8BC9CEB8-8B4A-11D0-8D11-00A0C91BC942}") = "diskdump", "diskdump\diskdump.vcxproj", "{675C7533-8B2B-48A0-BBE2-8676CDF944B0}"
	ProjectSection(ProjectDependencies) = postProject
		{7AA7A70C-1E3A-4800-8403-65A67F684804} = {7AA7A70C-1E3A-4800-8403-65A67F684804}
	EndProjectSection
EndProject
Project("{8BC9CEB8-8B4A-11D0-8D11-00A0C91BC942}") = "diskedit", "diskedit\diskedit.vcxproj", "{2D21B1A6-BE62-4E52-950E-A63AA3F7BDC7}"
	ProjectSection(ProjectDependencies) = postProject
		{7AA7A70C-1E3A-4800-8403-65A67F684804} = {7AA7A70C-1E3A-4800-8403-65A67F684804}
	EndProjectSection
EndProject
Project("{8BC9CEB8-8B4A-11D0-8D11-00A0C91BC942}") = "disklib", "disklib\disklib.vcxproj", "{7AA7A70C-1E3A-4800-8403-65A67F684804}"
EndProject
Global
	GlobalSection(SolutionConfigurationPlatforms) = preSolution
		Debug|Win32 = Debug|Win32
		Release|Win32 = Release|Win32
	EndGlobalSection
	GlobalSection(ProjectConfigurationPlatforms) = postSolution
		{BC026C96-3FEA-438D-8FF8-D6F71C8F6473}.Debug|Win32.ActiveCfg = Debug|Win32
		{BC026C96-3FEA-438D-8FF8-D6F71C8F6473}.Debug|Win32.Build.0 = Debug|Win32
		{BC026C96-3FEA-438D-8FF8-D6F71C8F6473}.Release|Win32.ActiveCfg = Release|Win32
		{BC026C96-3FEA-438D-8FF8-D6F71C8F6473}.Release|Win32.Build.0 = Release|Win32
		{675C7533-8B2B-48A0-BBE2-8676CDF944B0}.Debug|Win32.ActiveCfg = Debug|Win32
		{675C7533-8B2B-48A0-BBE2-8676CDF944B0}.Debug|Win32.Build.0 = Debug|Win32
		{675C7533-8B2B-48A0-BBE2-8676CDF944B0}.Release|Win32.ActiveCfg = Release|Win32
		{675C7533-8B2B-48A0-BBE2-8676CDF944B0}.Release|Win32.Build.0 = Release|Win32
		{2D21B1A6-BE62-4E52-950E-A63AA3F7BDC7}.Debug|Win32.ActiveCfg = Debug|Win32
		{2D21B1A6-BE62-4E52-950E-A63AA3F7BDC7}.Debug|Win32.Build.0 = Debug|Win32
		{2D21B1A6-BE62-4E52-950E-A63AA3F7BDC7}.Release|Win32.ActiveCfg = Release|Win32
		{2D21B1A6-BE62-4E52-950E-A63AA3F7BDC7}.Release|Win32.Build.0 = Release|Win32
		{7AA7A70C-1E3A-4800-8403-65A67F684804}.Debug|Win32.ActiveCfg = Debug|Win32
		{7AA7A70C-1E3A-4800-8403-65A67F684804}.Debug|Win32.Build.0 = Debug|Win32
		{7AA7A70C-1E3A-4800-8403-65A67F684804}.Release|Win32.ActiveCfg = Release|Win32
		{7AA7A70C-1E3A-4800-8403-65A67F684804}.Release|Win32.Build.0 = Release|Win32
	EndGlobalSection
	GlobalSection(SolutionProperties) = preSolution
		HideSolutionNode = FALSE
	EndGlobalSection
EndGlobal
